// !$*UTF8*$!
{
	archiveVersion = 1;
	classes = {
	};
	objectVersion = 50;
	objects = {

/* Begin PBXBuildFile section */
		FDAE011D224CAAD4001A0739 /* AppDelegate.swift in Sources */ = {isa = PBXBuildFile; fileRef = FDAE011C224CAAD4001A0739 /* AppDelegate.swift */; };
		FDAE011F224CAAD4001A0739 /* ViewController.swift in Sources */ = {isa = PBXBuildFile; fileRef = FDAE011E224CAAD4001A0739 /* ViewController.swift */; };
		FDAE0122224CAAD4001A0739 /* Main.storyboard in Resources */ = {isa = PBXBuildFile; fileRef = FDAE0120224CAAD4001A0739 /* Main.storyboard */; };
		FDAE0124224CAAD7001A0739 /* Assets.xcassets in Resources */ = {isa = PBXBuildFile; fileRef = FDAE0123224CAAD7001A0739 /* Assets.xcassets */; };
		FDAE0127224CAAD7001A0739 /* LaunchScreen.storyboard in Resources */ = {isa = PBXBuildFile; fileRef = FDAE0125224CAAD7001A0739 /* LaunchScreen.storyboard */; };
		FDAE0133224CAE3A001A0739 /* frame3.png in Resources */ = {isa = PBXBuildFile; fileRef = FDAE012E224CAE3A001A0739 /* frame3.png */; };
		FDAE0134224CAE3A001A0739 /* frame1.png in Resources */ = {isa = PBXBuildFile; fileRef = FDAE012F224CAE3A001A0739 /* frame1.png */; };
		FDAE0135224CAE3A001A0739 /* frame2.png in Resources */ = {isa = PBXBuildFile; fileRef = FDAE0130224CAE3A001A0739 /* frame2.png */; };
		FDAE0136224CAE3A001A0739 /* frame5.png in Resources */ = {isa = PBXBuildFile; fileRef = FDAE0131224CAE3A001A0739 /* frame5.png */; };
		FDAE0137224CAE3A001A0739 /* frame4.png in Resources */ = {isa = PBXBuildFile; fileRef = FDAE0132224CAE3A001A0739 /* frame4.png */; };
/* End PBXBuildFile section */

/* Begin PBXFileReference section */
		FDAE0119224CAAD4001A0739 /* Timer02.app */ = {isa = PBXFileReference; explicitFileType = wrapper.application; includeInIndex = 0; path = Timer02.app; sourceTree = BUILT_PRODUCTS_DIR; };
		FDAE011C224CAAD4001A0739 /* AppDelegate.swift */ = {isa = PBXFileReference; lastKnownFileType = sourcecode.swift; path = AppDelegate.swift; sourceTree = "<group>"; };
		FDAE011E224CAAD4001A0739 /* ViewController.swift */ = {isa = PBXFileReference; lastKnownFileType = sourcecode.swift; path = ViewController.swift; sourceTree = "<group>"; };
		FDAE0121224CAAD4001A0739 /* Base */ = {isa = PBXFileReference; lastKnownFileType = file.storyboard; name = Base; path = Base.lproj/Main.storyboard; sourceTree = "<group>"; };
		FDAE0123224CAAD7001A0739 /* Assets.xcassets */ = {isa = PBXFileReference; lastKnownFileType = folder.assetcatalog; path = Assets.xcassets; sourceTree = "<group>"; };
		FDAE0126224CAAD7001A0739 /* Base */ = {isa = PBXFileReference; lastKnownFileType = file.storyboard; name = Base; path = Base.lproj/LaunchScreen.storyboard; sourceTree = "<group>"; };
		FDAE0128224CAAD7001A0739 /* Info.plist */ = {isa = PBXFileReference; lastKnownFileType = text.plist.xml; path = Info.plist; sourceTree = "<group>"; };
		FDAE012E224CAE3A001A0739 /* frame3.png */ = {isa = PBXFileReference; lastKnownFileType = image.png; path = frame3.png; sourceTree = "<group>"; };
		FDAE012F224CAE3A001A0739 /* frame1.png */ = {isa = PBXFileReference; lastKnownFileType = image.png; path = frame1.png; sourceTree = "<group>"; };
		FDAE0130224CAE3A001A0739 /* frame2.png */ = {isa = PBXFileReference; lastKnownFileType = image.png; path = frame2.png; sourceTree = "<group>"; };
		FDAE0131224CAE3A001A0739 /* frame5.png */ = {isa = PBXFileReference; lastKnownFileType = image.png; path = frame5.png; sourceTree = "<group>"; };
		FDAE0132224CAE3A001A0739 /* frame4.png */ = {isa = PBXFileReference; lastKnownFileType = image.png; path = frame4.png; sourceTree = "<group>"; };
/* End PBXFileReference section */

/* Begin PBXFrameworksBuildPhase section */
		FDAE0116224CAAD4001A0739 /* Frameworks */ = {
			isa = PBXFrameworksBuildPhase;
			buildActionMask = 2147483647;
			files = (
			);
			runOnlyForDeploymentPostprocessing = 0;
		};
/* End PBXFrameworksBuildPhase section */

/* Begin PBXGroup section */
		FDAE0110224CAAD4001A0739 = {
			isa = PBXGroup;
			children = (
				FDAE011B224CAAD4001A0739 /* Timer02 */,
				FDAE011A224CAAD4001A0739 /* Products */,
			);
			sourceTree = "<group>";
		};
		FDAE011A224CAAD4001A0739 /* Products */ = {
			isa = PBXGroup;
			children = (
				FDAE0119224CAAD4001A0739 /* Timer02.app */,
			);
			name = Products;
			sourceTree = "<group>";
		};
		FDAE011B224CAAD4001A0739 /* Timer02 */ = {
			isa = PBXGroup;
			children = (
				FDAE012F224CAE3A001A0739 /* frame1.png */,
				FDAE0130224CAE3A001A0739 /* frame2.png */,
				FDAE012E224CAE3A001A0739 /* frame3.png */,
				FDAE0132224CAE3A001A0739 /* frame4.png */,
				FDAE0131224CAE3A001A0739 /* frame5.png */,
				FDAE011C224CAAD4001A0739 /* AppDelegate.swift */,
				FDAE011E224CAAD4001A0739 /* ViewController.swift */,
				FDAE0120224CAAD4001A0739 /* Main.storyboard */,
				FDAE0123224CAAD7001A0739 /* Assets.xcassets */,
				FDAE0125224CAAD7001A0739 /* LaunchScreen.storyboard */,
				FDAE0128224CAAD7001A0739 /* Info.plist */,
			);
			path = Timer02;
			sourceTree = "<group>";
		};
/* End PBXGroup section */

/* Begin PBXNativeTarget section */
		FDAE0118224CAAD4001A0739 /* Timer02 */ = {
			isa = PBXNativeTarget;
			buildConfigurationList = FDAE012B224CAAD7001A0739 /* Build configuration list for PBXNativeTarget "Timer02" */;
			buildPhases = (
				FDAE0115224CAAD4001A0739 /* Sources */,
				FDAE0116224CAAD4001A0739 /* Frameworks */,
				FDAE0117224CAAD4001A0739 /* Resources */,
			);
			buildRules = (
			);
			dependencies = (
			);
			name = Timer02;
			productName = Timer02;
			productReference = FDAE0119224CAAD4001A0739 /* Timer02.app */;
			productType = "com.apple.product-type.application";
		};
/* End PBXNativeTarget section */

/* Begin PBXProject section */
		FDAE0111224CAAD4001A0739 /* Project object */ = {
			isa = PBXProject;
			attributes = {
				LastSwiftUpdateCheck = 1010;
				LastUpgradeCheck = 1010;
				ORGANIZATIONNAME = D7703_23;
				TargetAttributes = {
					FDAE0118224CAAD4001A0739 = {
						CreatedOnToolsVersion = 10.1;
					};
				};
			};
			buildConfigurationList = FDAE0114224CAAD4001A0739 /* Build configuration list for PBXProject "Timer02" */;
			compatibilityVersion = "Xcode 9.3";
			developmentRegion = en;
			hasScannedForEncodings = 0;
			knownRegions = (
				en,
				Base,
			);
			mainGroup = FDAE0110224CAAD4001A0739;
			productRefGroup = FDAE011A224CAAD4001A0739 /* Products */;
			projectDirPath = "";
			projectRoot = "";
			targets = (
				FDAE0118224CAAD4001A0739 /* Timer02 */,
			);
		};
/* End PBXProject section */

/* Begin PBXResourcesBuildPhase section */
		FDAE0117224CAAD4001A0739 /* Resources */ = {
			isa = PBXResourcesBuildPhase;
			buildActionMask = 2147483647;
			files = (
				FDAE0134224CAE3A001A0739 /* frame1.png in Resources */,
				FDAE0136224CAE3A001A0739 /* frame5.png in Resources */,
				FDAE0127224CAAD7001A0739 /* LaunchScreen.storyboard in Resources */,
				FDAE0135224CAE3A001A0739 /* frame2.png in Resources */,
				FDAE0137224CAE3A001A0739 /* frame4.png in Resources */,
				FDAE0124224CAAD7001A0739 /* Assets.xcassets in Resources */,
				FDAE0122224CAAD4001A0739 /* Main.storyboard in Resources */,
				FDAE0133224CAE3A001A0739 /* frame3.png in Resources */,
			);
			runOnlyForDeploymentPostprocessing = 0;
		};
/* End PBXResourcesBuildPhase section */

/* Begin PBXSourcesBuildPhase section */
		FDAE0115224CAAD4001A0739 /* Sources */ = {
			isa = PBXSourcesBuildPhase;
			buildActionMask = 2147483647;
			files = (
				FDAE011F224CAAD4001A0739 /* ViewController.swift in Sources */,
				FDAE011D224CAAD4001A0739 /* AppDelegate.swift in Sources */,
			);
			runOnlyForDeploymentPostprocessing = 0;
		};
/* End PBXSourcesBuildPhase section */

/* Begin PBXVariantGroup section */
		FDAE0120224CAAD4001A0739 /* Main.storyboard */ = {
			isa = PBXVariantGroup;
			children = (
				FDAE0121224CAAD4001A0739 /* Base */,
			);
			name = Main.storyboard;
			sourceTree = "<group>";
		};
		FDAE0125224CAAD7001A0739 /* LaunchScreen.storyboard */ = {
			isa = PBXVariantGroup;
			children = (
				FDAE0126224CAAD7001A0739 /* Base */,
			);
			name = LaunchScreen.storyboard;
			sourceTree = "<group>";
		};
/* End PBXVariantGroup section */

/* Begin XCBuildConfiguration section */
		FDAE0129224CAAD7001A0739 /* Debug */ = {
			isa = XCBuildConfiguration;
			buildSettings = {
				ALWAYS_SEARCH_USER_PATHS = NO;
				CLANG_ANALYZER_NONNULL = YES;
				CLANG_ANALYZER_NUMBER_OBJECT_CONVERSION = YES_AGGRESSIVE;
				CLANG_CXX_LANGUAGE_STANDARD = "gnu++14";
				CLANG_CXX_LIBRARY = "libc++";
				CLANG_ENABLE_MODULES = YES;
				CLANG_ENABLE_OBJC_ARC = YES;
				CLANG_ENABLE_OBJC_WEAK = YES;
				CLANG_WARN_BLOCK_CAPTURE_AUTORELEASING = YES;
				CLANG_WARN_BOOL_CONVERSION = YES;
				CLANG_WARN_COMMA = YES;
				CLANG_WARN_CONSTANT_CONVERSION = YES;
				CLANG_WARN_DEPRECATED_OBJC_IMPLEMENTATIONS = YES;
				CLANG_WARN_DIRECT_OBJC_ISA_USAGE = YES_ERROR;
				CLANG_WARN_DOCUMENTATION_COMMENTS = YES;
				CLANG_WARN_EMPTY_BODY = YES;
				CLANG_WARN_ENUM_CONVERSION = YES;
				CLANG_WARN_INFINITE_RECURSION = YES;
				CLANG_WARN_INT_CONVERSION = YES;
				CLANG_WARN_NON_LITERAL_NULL_CONVERSION = YES;
				CLANG_WARN_OBJC_IMPLICIT_RETAIN_SELF = YES;
				CLANG_WARN_OBJC_LITERAL_CONVERSION = YES;
				CLANG_WARN_OBJC_ROOT_CLASS = YES_ERROR;
				CLANG_WARN_RANGE_LOOP_ANALYSIS = YES;
				CLANG_WARN_STRICT_PROTOTYPES = YES;
				CLANG_WARN_SUSPICIOUS_MOVE = YES;
				CLANG_WARN_UNGUARDED_AVAILABILITY = YES_AGGRESSIVE;
				CLANG_WARN_UNREACHABLE_CODE = YES;
				CLANG_WARN__DUPLICATE_METHOD_MATCH = YES;
				CODE_SIGN_IDENTITY = "iPhone Developer";
				COPY_PHASE_STRIP = NO;
				DEBUG_INFORMATION_FORMAT = dwarf;
				ENABLE_STRICT_OBJC_MSGSEND = YES;
				ENABLE_TESTABILITY = YES;
				GCC_C_LANGUAGE_STANDARD = gnu11;
				GCC_DYNAMIC_NO_PIC = NO;
				GCC_NO_COMMON_BLOCKS = YES;
				GCC_OPTIMIZATION_LEVEL = 0;
				GCC_PREPROCESSOR_DEFINITIONS = (
					"DEBUG=1",
					"$(inherited)",
				);
				GCC_WARN_64_TO_32_BIT_CONVERSION = YES;
				GCC_WARN_ABOUT_RETURN_TYPE = YES_ERROR;
				GCC_WARN_UNDECLARED_SELECTOR = YES;
				GCC_WARN_UNINITIALIZED_AUTOS = YES_AGGRESSIVE;
				GCC_WARN_UNUSED_FUNCTION = YES;
				GCC_WARN_UNUSED_VARIABLE = YES;
				IPHONEOS_DEPLOYMENT_TARGET = 12.1;
				MTL_ENABLE_DEBUG_INFO = INCLUDE_SOURCE;
				MTL_FAST_MATH = YES;
				ONLY_ACTIVE_ARCH = YES;
				SDKROOT = iphoneos;
				SWIFT_ACTIVE_COMPILATION_CONDITIONS = DEBUG;
				SWIFT_OPTIMIZATION_LEVEL = "-Onone";
			};
			name = Debug;
		};
		FDAE012A224CAAD7001A0739 /* Release */ = {
			isa = XCBuildConfiguration;
			buildSettings = {
				ALWAYS_SEARCH_USER_PATHS = NO;
				CLANG_ANALYZER_NONNULL = YES;
				CLANG_ANALYZER_NUMBER_OBJECT_CONVERSION = YES_AGGRESSIVE;
				CLANG_CXX_LANGUAGE_STANDARD = "gnu++14";
				CLANG_CXX_LIBRARY = "libc++";
				CLANG_ENABLE_MODULES = YES;
				CLANG_ENABLE_OBJC_ARC = YES;
				CLANG_ENABLE_OBJC_WEAK = YES;
				CLANG_WARN_BLOCK_CAPTURE_AUTORELEASING = YES;
				CLANG_WARN_BOOL_CONVERSION = YES;
				CLANG_WARN_COMMA = YES;
				CLANG_WARN_CONSTANT_CONVERSION = YES;
				CLANG_WARN_DEPRECATED_OBJC_IMPLEMENTATIONS = YES;
				CLANG_WARN_DIRECT_OBJC_ISA_USAGE = YES_ERROR;
				CLANG_WARN_DOCUMENTATION_COMMENTS = YES;
				CLANG_WARN_EMPTY_BODY = YES;
				CLANG_WARN_ENUM_CONVERSION = YES;
				CLANG_WARN_INFINITE_RECURSION = YES;
				CLANG_WARN_INT_CONVERSION = YES;
				CLANG_WARN_NON_LITERAL_NULL_CONVERSION = YES;
				CLANG_WARN_OBJC_IMPLICIT_RETAIN_SELF = YES;
				CLANG_WARN_OBJC_LITERAL_CONVERSION = YES;
				CLANG_WARN_OBJC_ROOT_CLASS = YES_ERROR;
				CLANG_WARN_RANGE_LOOP_ANALYSIS = YES;
				CLANG_WARN_STRICT_PROTOTYPES = YES;
				CLANG_WARN_SUSPICIOUS_MOVE = YES;
				CLANG_WARN_UNGUARDED_AVAILABILITY = YES_AGGRESSIVE;
				CLANG_WARN_UNREACHABLE_CODE = YES;
				CLANG_WARN__DUPLICATE_METHOD_MATCH = YES;
				CODE_SIGN_IDENTITY = "iPhone Developer";
				COPY_PHASE_STRIP = NO;
				DEBUG_INFORMATION_FORMAT = "dwarf-with-dsym";
				ENABLE_NS_ASSERTIONS = NO;
				ENABLE_STRICT_OBJC_MSGSEND = YES;
				GCC_C_LANGUAGE_STANDARD = gnu11;
				GCC_NO_COMMON_BLOCKS = YES;
				GCC_WARN_64_TO_32_BIT_CONVERSION = YES;
				GCC_WARN_ABOUT_RETURN_TYPE = YES_ERROR;
				GCC_WARN_UNDECLARED_SELECTOR = YES;
				GCC_WARN_UNINITIALIZED_AUTOS = YES_AGGRESSIVE;
				GCC_WARN_UNUSED_FUNCTION = YES;
				GCC_WARN_UNUSED_VARIABLE = YES;
				IPHONEOS_DEPLOYMENT_TARGET = 12.1;
				MTL_ENABLE_DEBUG_INFO = NO;
				MTL_FAST_MATH = YES;
				SDKROOT = iphoneos;
				SWIFT_COMPILATION_MODE = wholemodule;
				SWIFT_OPTIMIZATION_LEVEL = "-O";
				VALIDATE_PRODUCT = YES;
			};
			name = Release;
		};
		FDAE012C224CAAD7001A0739 /* Debug */ = {
			isa = XCBuildConfiguration;
			buildSettings = {
				ASSETCATALOG_COMPILER_APPICON_NAME = AppIcon;
				CODE_SIGN_STYLE = Automatic;
				INFOPLIST_FILE = Timer02/Info.plist;
				LD_RUNPATH_SEARCH_PATHS = (
					"$(inherited)",
					"@executable_path/Frameworks",
				);
				PRODUCT_BUNDLE_IDENTIFIER = "-.Timer02";
				PRODUCT_NAME = "$(TARGET_NAME)";
				SWIFT_VERSION = 4.2;
				TARGETED_DEVICE_FAMILY = "1,2";
			};
			name = Debug;
		};
		FDAE012D224CAAD7001A0739 /* Release */ = {
			isa = XCBuildConfiguration;
			buildSettings = {
				ASSETCATALOG_COMPILER_APPICON_NAME = AppIcon;
				CODE_SIGN_STYLE = Automatic;
				INFOPLIST_FILE = Timer02/Info.plist;
				LD_RUNPATH_SEARCH_PATHS = (
					"$(inherited)",
					"@executable_path/Frameworks",
				);
				PRODUCT_BUNDLE_IDENTIFIER = "-.Timer02";
				PRODUCT_NAME = "$(TARGET_NAME)";
				SWIFT_VERSION = 4.2;
				TARGETED_DEVICE_FAMILY = "1,2";
			};
			name = Release;
		};
/* End XCBuildConfiguration section */

/* Begin XCConfigurationList section */
		FDAE0114224CAAD4001A0739 /* Build configuration list for PBXProject "Timer02" */ = {
			isa = XCConfigurationList;
			buildConfigurations = (
				FDAE0129224CAAD7001A0739 /* Debug */,
				FDAE012A224CAAD7001A0739 /* Release */,
			);
			defaultConfigurationIsVisible = 0;
			defaultConfigurationName = Release;
		};
		FDAE012B224CAAD7001A0739 /* Build configuration list for PBXNativeTarget "Timer02" */ = {
			isa = XCConfigurationList;
			buildConfigurations = (
				FDAE012C224CAAD7001A0739 /* Debug */,
				FDAE012D224CAAD7001A0739 /* Release */,
			);
			defaultConfigurationIsVisible = 0;
			defaultConfigurationName = Release;
		};
/* End XCConfigurationList section */
	};
	rootObject = FDAE0111224CAAD4001A0739 /* Project object */;
}
